
Microsoft Visual Studio Solution File, Format Version 12.00
# Visual Studio Version 16
VisualStudioVersion = 16.0.32228.343
MinimumVisualStudioVersion = 10.0.40219.1
Project("{FAE04EC0-301F-11D3-BF4B-00C04F79EFBC}") = "WindowsFormsApp1", "WindowsFormsApp1\WindowsFormsApp1.csproj", "{DF012041-66D2-43E2-9DE8-DA1003CF986F}"
EndProject
Global
	GlobalSection(SolutionConfigurationPlatforms) = preSolution
		Debug|Any CPU = Debug|Any CPU
		Release|Any CPU = Release|Any CPU
	EndGlobalSection
	GlobalSection(ProjectConfigurationPlatforms) = postSolution
		{DF012041-66D2-43E2-9DE8-DA1003CF986F}.Debug|Any CPU.ActiveCfg = Debug|Any CPU
		{DF012041-66D2-43E2-9DE8-DA1003CF986F}.Debug|Any CPU.Build.0 = Debug|Any CPU
		{DF012041-66D2-43E2-9DE8-DA1003CF986F}.Release|Any CPU.ActiveCfg = Release|Any CPU
		{DF012041-66D2-43E2-9DE8-DA1003CF986F}.Release|Any CPU.Build.0 = Release|Any CPU
	EndGlobalSection
	GlobalSection(SolutionProperties) = preSolution
		HideSolutionNode = FALSE
	EndGlobalSection
	GlobalSection(ExtensibilityGlobals) = postSolution
		SolutionGuid = {6798553D-DCD3-40F2-8F13-E49631A199EB}
	EndGlobalSection
EndGlobal
